
Microsoft Visual Studio Solution File, Format Version 12.00
# Visual Studio Version 16
VisualStudioVersion = 16.0.31019.35
MinimumVisualStudioVersion = 10.0.40219.1
Project("{FAE04EC0-301F-11D3-BF4B-00C04F79EFBC}") = "FluxMei", "FluxMei\FluxMei.csproj", "{F51EFF1F-934D-45A3-95D7-642E573AA8EE}"
EndProject
Global
	GlobalSection(SolutionConfigurationPlatforms) = preSolution
		Debug|Any CPU = Debug|Any CPU
		Release|Any CPU = Release|Any CPU
	EndGlobalSection
	GlobalSection(ProjectConfigurationPlatforms) = postSolution
		{F51EFF1F-934D-45A3-95D7-642E573AA8EE}.Debug|Any CPU.ActiveCfg = Debug|Any CPU
		{F51EFF1F-934D-45A3-95D7-642E573AA8EE}.Debug|Any CPU.Build.0 = Debug|Any CPU
		{F51EFF1F-934D-45A3-95D7-642E573AA8EE}.Release|Any CPU.ActiveCfg = Release|Any CPU
		{F51EFF1F-934D-45A3-95D7-642E573AA8EE}.Release|Any CPU.Build.0 = Release|Any CPU
	EndGlobalSection
	GlobalSection(SolutionProperties) = preSolution
		HideSolutionNode = FALSE
	EndGlobalSection
	GlobalSection(ExtensibilityGlobals) = postSolution
		SolutionGuid = {4D8A2661-17E2-4404-87A3-9572CFC2ACD1}
	EndGlobalSection
EndGlobal
