
Microsoft Visual Studio Solution File, Format Version 12.00
# Visual Studio 15
VisualStudioVersion = 15.0.27130.2027
MinimumVisualStudioVersion = 10.0.40219.1
Project("{9A19103F-16F7-4668-BE54-9A1E7A4F7556}") = "FluxMei", "FluxMei\FluxMei.csproj", "{F51EFF1F-934D-45A3-95D7-642E573AA8EE}"
EndProject
Project("{FAE04EC0-301F-11D3-BF4B-00C04F79EFBC}") = "LivroCaixa", "LivroCaixa\LivroCaixa.csproj", "{A8B41A05-B8AB-4D7A-B9D6-7C3CE15E18A0}"
EndProject
Global
	GlobalSection(SolutionConfigurationPlatforms) = preSolution
		Debug|Any CPU = Debug|Any CPU
		Release|Any CPU = Release|Any CPU
	EndGlobalSection
	GlobalSection(ProjectConfigurationPlatforms) = postSolution
		{F51EFF1F-934D-45A3-95D7-642E573AA8EE}.Debug|Any CPU.ActiveCfg = Debug|Any CPU
		{F51EFF1F-934D-45A3-95D7-642E573AA8EE}.Debug|Any CPU.Build.0 = Debug|Any CPU
		{F51EFF1F-934D-45A3-95D7-642E573AA8EE}.Release|Any CPU.ActiveCfg = Release|Any CPU
		{F51EFF1F-934D-45A3-95D7-642E573AA8EE}.Release|Any CPU.Build.0 = Release|Any CPU
		{A8B41A05-B8AB-4D7A-B9D6-7C3CE15E18A0}.Debug|Any CPU.ActiveCfg = Debug|Any CPU
		{A8B41A05-B8AB-4D7A-B9D6-7C3CE15E18A0}.Debug|Any CPU.Build.0 = Debug|Any CPU
		{A8B41A05-B8AB-4D7A-B9D6-7C3CE15E18A0}.Release|Any CPU.ActiveCfg = Release|Any CPU
		{A8B41A05-B8AB-4D7A-B9D6-7C3CE15E18A0}.Release|Any CPU.Build.0 = Release|Any CPU
	EndGlobalSection
	GlobalSection(SolutionProperties) = preSolution
		HideSolutionNode = FALSE
	EndGlobalSection
	GlobalSection(ExtensibilityGlobals) = postSolution
		SolutionGuid = {4D8A2661-17E2-4404-87A3-9572CFC2ACD1}
	EndGlobalSection
EndGlobal
